
Microsoft Visual Studio Solution File, Format Version 12.00
# Visual Studio Version 17
VisualStudioVersion = 17.7.34221.43
MinimumVisualStudioVersion = 10.0.40219.1
Project("{9A19103F-16F7-4668-BE54-9A1E7A4F7556}") = "ForumAngularVersion", "ForumAngularVersion.csproj", "{F7E33A2B-751E-4411-A26D-5B7B07C83F87}"
EndProject
Project("{FAE04EC0-301F-11D3-BF4B-00C04F79EFBC}") = "XunitTestForum", "..\XunitTestForum\XunitTestForum.csproj", "{943E3FAA-3C6F-4DE2-9D5C-9CB0CD3D186E}"
EndProject
Global
	GlobalSection(SolutionConfigurationPlatforms) = preSolution
		Debug|Any CPU = Debug|Any CPU
		Release|Any CPU = Release|Any CPU
	EndGlobalSection
	GlobalSection(ProjectConfigurationPlatforms) = postSolution
		{F7E33A2B-751E-4411-A26D-5B7B07C83F87}.Debug|Any CPU.ActiveCfg = Debug|Any CPU
		{F7E33A2B-751E-4411-A26D-5B7B07C83F87}.Debug|Any CPU.Build.0 = Debug|Any CPU
		{F7E33A2B-751E-4411-A26D-5B7B07C83F87}.Release|Any CPU.ActiveCfg = Release|Any CPU
		{F7E33A2B-751E-4411-A26D-5B7B07C83F87}.Release|Any CPU.Build.0 = Release|Any CPU
		{943E3FAA-3C6F-4DE2-9D5C-9CB0CD3D186E}.Debug|Any CPU.ActiveCfg = Debug|Any CPU
		{943E3FAA-3C6F-4DE2-9D5C-9CB0CD3D186E}.Debug|Any CPU.Build.0 = Debug|Any CPU
		{943E3FAA-3C6F-4DE2-9D5C-9CB0CD3D186E}.Release|Any CPU.ActiveCfg = Release|Any CPU
		{943E3FAA-3C6F-4DE2-9D5C-9CB0CD3D186E}.Release|Any CPU.Build.0 = Release|Any CPU
	EndGlobalSection
	GlobalSection(SolutionProperties) = preSolution
		HideSolutionNode = FALSE
	EndGlobalSection
	GlobalSection(ExtensibilityGlobals) = postSolution
		SolutionGuid = {F2164A7B-69D5-46D6-BBB2-743205A99590}
	EndGlobalSection
EndGlobal
